
Microsoft Visual Studio Solution File, Format Version 12.00
# Visual Studio 15
VisualStudioVersion = 15.0.27428.2037
MinimumVisualStudioVersion = 10.0.40219.1
Project("{FAE04EC0-301F-11D3-BF4B-00C04F79EFBC}") = "PFinal", "PFinal\PFinal.csproj", "{CD213007-88B8-4DE8-B7D2-E7819E8A0992}"
EndProject
Global
	GlobalSection(SolutionConfigurationPlatforms) = preSolution
		Debug|Any CPU = Debug|Any CPU
		Release|Any CPU = Release|Any CPU
	EndGlobalSection
	GlobalSection(ProjectConfigurationPlatforms) = postSolution
		{CD213007-88B8-4DE8-B7D2-E7819E8A0992}.Debug|Any CPU.ActiveCfg = Debug|Any CPU
		{CD213007-88B8-4DE8-B7D2-E7819E8A0992}.Debug|Any CPU.Build.0 = Debug|Any CPU
		{CD213007-88B8-4DE8-B7D2-E7819E8A0992}.Release|Any CPU.ActiveCfg = Release|Any CPU
		{CD213007-88B8-4DE8-B7D2-E7819E8A0992}.Release|Any CPU.Build.0 = Release|Any CPU
	EndGlobalSection
	GlobalSection(SolutionProperties) = preSolution
		HideSolutionNode = FALSE
	EndGlobalSection
	GlobalSection(ExtensibilityGlobals) = postSolution
		SolutionGuid = {2CCA3C01-ECD6-403E-B263-F1E0C5F49FE9}
	EndGlobalSection
EndGlobal
